
Microsoft Visual Studio Solution File, Format Version 12.00
# Visual Studio Version 17
VisualStudioVersion = 17.5.002.0
MinimumVisualStudioVersion = 10.0.40219.1
Project("{9A19103F-16F7-4668-BE54-9A1E7A4F7556}") = "BancoMundial", "BancoMundial\BancoMundial.csproj", "{FAE9EFE9-4041-4DA9-AF82-A933CB5B61EB}"
EndProject
Global
	GlobalSection(SolutionConfigurationPlatforms) = preSolution
		Debug|Any CPU = Debug|Any CPU
		Release|Any CPU = Release|Any CPU
	EndGlobalSection
	GlobalSection(ProjectConfigurationPlatforms) = postSolution
		{FAE9EFE9-4041-4DA9-AF82-A933CB5B61EB}.Debug|Any CPU.ActiveCfg = Debug|Any CPU
		{FAE9EFE9-4041-4DA9-AF82-A933CB5B61EB}.Debug|Any CPU.Build.0 = Debug|Any CPU
		{FAE9EFE9-4041-4DA9-AF82-A933CB5B61EB}.Release|Any CPU.ActiveCfg = Release|Any CPU
		{FAE9EFE9-4041-4DA9-AF82-A933CB5B61EB}.Release|Any CPU.Build.0 = Release|Any CPU
	EndGlobalSection
	GlobalSection(SolutionProperties) = preSolution
		HideSolutionNode = FALSE
	EndGlobalSection
	GlobalSection(ExtensibilityGlobals) = postSolution
		SolutionGuid = {DF8A5EAE-9A96-4EE9-B624-8D6C3A94013F}
	EndGlobalSection
EndGlobal
